
Microsoft Visual Studio Solution File, Format Version 12.00
# Visual Studio 15
VisualStudioVersion = 15.0.27004.2006
MinimumVisualStudioVersion = 10.0.40219.1
Project("{9A19103F-16F7-4668-BE54-9A1E7A4F7556}") = "CarDealer.Web", "CarDealer\CarDealer.Web.csproj", "{BCADF537-0C51-4A1B-ABD2-76844914C3BB}"
EndProject
Project("{9A19103F-16F7-4668-BE54-9A1E7A4F7556}") = "CarDealer.Data", "CarDealer.Data\CarDealer.Data.csproj", "{DE30EEF4-5FCF-413E-8AD1-F03C30EFE420}"
EndProject
Project("{FAE04EC0-301F-11D3-BF4B-00C04F79EFBC}") = "CarDealer.Services", "CarDealer.Services\CarDealer.Services.csproj", "{F1EBB6CB-486A-4A26-A3BF-A39DCDB915DE}"
EndProject
Global
	GlobalSection(SolutionConfigurationPlatforms) = preSolution
		Debug|Any CPU = Debug|Any CPU
		Release|Any CPU = Release|Any CPU
	EndGlobalSection
	GlobalSection(ProjectConfigurationPlatforms) = postSolution
		{BCADF537-0C51-4A1B-ABD2-76844914C3BB}.Debug|Any CPU.ActiveCfg = Debug|Any CPU
		{BCADF537-0C51-4A1B-ABD2-76844914C3BB}.Debug|Any CPU.Build.0 = Debug|Any CPU
		{BCADF537-0C51-4A1B-ABD2-76844914C3BB}.Release|Any CPU.ActiveCfg = Release|Any CPU
		{BCADF537-0C51-4A1B-ABD2-76844914C3BB}.Release|Any CPU.Build.0 = Release|Any CPU
		{DE30EEF4-5FCF-413E-8AD1-F03C30EFE420}.Debug|Any CPU.ActiveCfg = Debug|Any CPU
		{DE30EEF4-5FCF-413E-8AD1-F03C30EFE420}.Debug|Any CPU.Build.0 = Debug|Any CPU
		{DE30EEF4-5FCF-413E-8AD1-F03C30EFE420}.Release|Any CPU.ActiveCfg = Release|Any CPU
		{DE30EEF4-5FCF-413E-8AD1-F03C30EFE420}.Release|Any CPU.Build.0 = Release|Any CPU
		{F1EBB6CB-486A-4A26-A3BF-A39DCDB915DE}.Debug|Any CPU.ActiveCfg = Debug|Any CPU
		{F1EBB6CB-486A-4A26-A3BF-A39DCDB915DE}.Debug|Any CPU.Build.0 = Debug|Any CPU
		{F1EBB6CB-486A-4A26-A3BF-A39DCDB915DE}.Release|Any CPU.ActiveCfg = Release|Any CPU
		{F1EBB6CB-486A-4A26-A3BF-A39DCDB915DE}.Release|Any CPU.Build.0 = Release|Any CPU
	EndGlobalSection
	GlobalSection(SolutionProperties) = preSolution
		HideSolutionNode = FALSE
	EndGlobalSection
	GlobalSection(ExtensibilityGlobals) = postSolution
		SolutionGuid = {98B0848A-3F5B-44EC-A6EC-CADEFDFC5013}
	EndGlobalSection
EndGlobal
